
Microsoft Visual Studio Solution File, Format Version 12.00
# Visual Studio Version 16
VisualStudioVersion = 16.0.29613.14
MinimumVisualStudioVersion = 10.0.40219.1
Project("{8BC9CEB8-8B4A-11D0-8D11-00A0C91BC942}") = "001-HelloWorld", "001-HelloWorld\001-HelloWorld.vcxproj", "{FE5A0D07-E8F5-4C02-A47E-FB797CEC19C3}"
EndProject
Project("{8BC9CEB8-8B4A-11D0-8D11-00A0C91BC942}") = "002-Variables", "002-Variables\002-Variables.vcxproj", "{627AFF48-4462-44D0-8F65-508B74E9CE49}"
EndProject
Project("{8BC9CEB8-8B4A-11D0-8D11-00A0C91BC942}") = "003-Operations", "003-Operations\003-Operations.vcxproj", "{4FC236B7-0EAF-44D5-824A-8C4BFB49163C}"
EndProject
Project("{8BC9CEB8-8B4A-11D0-8D11-00A0C91BC942}") = "004-Tables", "004-Tables\004-Tables.vcxproj", "{31F6FB28-79C0-40C7-8D8A-F1505023D80A}"
EndProject
Project("{8BC9CEB8-8B4A-11D0-8D11-00A0C91BC942}") = "005-DynamicTables", "005-DynamicTables\005-DynamicTables.vcxproj", "{AC05E7AA-0463-456C-9030-394D73E17091}"
EndProject
Project("{8BC9CEB8-8B4A-11D0-8D11-00A0C91BC942}") = "006-MultiTables_StringTables", "006-TableOfTables\006-TableOfTables.vcxproj", "{A2B27754-1E47-4D9F-928E-C99CF24D71C3}"
EndProject
Project("{8BC9CEB8-8B4A-11D0-8D11-00A0C91BC942}") = "007-FileRW", "007-FileRW\007-FileRW.vcxproj", "{810C53DE-32ED-4459-B35E-E8589DA84D62}"
EndProject
Project("{8BC9CEB8-8B4A-11D0-8D11-00A0C91BC942}") = "008-MysteryWord", "008-MysteryWord\008-MysteryWord.vcxproj", "{7B42D24C-65AA-4C50-8FED-E00AC13A782B}"
EndProject
Project("{8BC9CEB8-8B4A-11D0-8D11-00A0C91BC942}") = "009-PointersDynamicAllocation", "009-PointersDynamicAllocation\009-PointersDynamicAllocation.vcxproj", "{919CA08E-9AB7-436A-B497-37EE977C0714}"
EndProject
Project("{8BC9CEB8-8B4A-11D0-8D11-00A0C91BC942}") = "010-POO", "010-POO\010-POO.vcxproj", "{CE11EDE9-1AB6-4B4F-A923-0B548488345F}"
EndProject
Project("{8BC9CEB8-8B4A-11D0-8D11-00A0C91BC942}") = "011-OperatorOverload", "011-OperatorOverload\011-OperatorOverload.vcxproj", "{12486B85-5D7C-45C4-8BE3-E8F19585A53F}"
EndProject
Project("{8BC9CEB8-8B4A-11D0-8D11-00A0C91BC942}") = "012-Fractions", "012-Fractions\012-Fractions.vcxproj", "{625018D1-B4B7-4FCF-94B3-C92E195AA6B7}"
EndProject
Project("{8BC9CEB8-8B4A-11D0-8D11-00A0C91BC942}") = "013-Polymorphism", "013-Polymorphism\013-Polymorphism.vcxproj", "{FBB44B35-ABEC-4AB7-85EE-41AE4A908B68}"
EndProject
Global
	GlobalSection(SolutionConfigurationPlatforms) = preSolution
		Debug|x64 = Debug|x64
		Debug|x86 = Debug|x86
		Release|x64 = Release|x64
		Release|x86 = Release|x86
	EndGlobalSection
	GlobalSection(ProjectConfigurationPlatforms) = postSolution
		{FE5A0D07-E8F5-4C02-A47E-FB797CEC19C3}.Debug|x64.ActiveCfg = Debug|x64
		{FE5A0D07-E8F5-4C02-A47E-FB797CEC19C3}.Debug|x64.Build.0 = Debug|x64
		{FE5A0D07-E8F5-4C02-A47E-FB797CEC19C3}.Debug|x86.ActiveCfg = Debug|Win32
		{FE5A0D07-E8F5-4C02-A47E-FB797CEC19C3}.Debug|x86.Build.0 = Debug|Win32
		{FE5A0D07-E8F5-4C02-A47E-FB797CEC19C3}.Release|x64.ActiveCfg = Release|x64
		{FE5A0D07-E8F5-4C02-A47E-FB797CEC19C3}.Release|x64.Build.0 = Release|x64
		{FE5A0D07-E8F5-4C02-A47E-FB797CEC19C3}.Release|x86.ActiveCfg = Release|Win32
		{FE5A0D07-E8F5-4C02-A47E-FB797CEC19C3}.Release|x86.Build.0 = Release|Win32
		{627AFF48-4462-44D0-8F65-508B74E9CE49}.Debug|x64.ActiveCfg = Debug|x64
		{627AFF48-4462-44D0-8F65-508B74E9CE49}.Debug|x64.Build.0 = Debug|x64
		{627AFF48-4462-44D0-8F65-508B74E9CE49}.Debug|x86.ActiveCfg = Debug|Win32
		{627AFF48-4462-44D0-8F65-508B74E9CE49}.Debug|x86.Build.0 = Debug|Win32
		{627AFF48-4462-44D0-8F65-508B74E9CE49}.Release|x64.ActiveCfg = Release|x64
		{627AFF48-4462-44D0-8F65-508B74E9CE49}.Release|x64.Build.0 = Release|x64
		{627AFF48-4462-44D0-8F65-508B74E9CE49}.Release|x86.ActiveCfg = Release|Win32
		{627AFF48-4462-44D0-8F65-508B74E9CE49}.Release|x86.Build.0 = Release|Win32
		{4FC236B7-0EAF-44D5-824A-8C4BFB49163C}.Debug|x64.ActiveCfg = Debug|x64
		{4FC236B7-0EAF-44D5-824A-8C4BFB49163C}.Debug|x64.Build.0 = Debug|x64
		{4FC236B7-0EAF-44D5-824A-8C4BFB49163C}.Debug|x86.ActiveCfg = Debug|Win32
		{4FC236B7-0EAF-44D5-824A-8C4BFB49163C}.Debug|x86.Build.0 = Debug|Win32
		{4FC236B7-0EAF-44D5-824A-8C4BFB49163C}.Release|x64.ActiveCfg = Release|x64
		{4FC236B7-0EAF-44D5-824A-8C4BFB49163C}.Release|x64.Build.0 = Release|x64
		{4FC236B7-0EAF-44D5-824A-8C4BFB49163C}.Release|x86.ActiveCfg = Release|Win32
		{4FC236B7-0EAF-44D5-824A-8C4BFB49163C}.Release|x86.Build.0 = Release|Win32
		{31F6FB28-79C0-40C7-8D8A-F1505023D80A}.Debug|x64.ActiveCfg = Debug|x64
		{31F6FB28-79C0-40C7-8D8A-F1505023D80A}.Debug|x64.Build.0 = Debug|x64
		{31F6FB28-79C0-40C7-8D8A-F1505023D80A}.Debug|x86.ActiveCfg = Debug|Win32
		{31F6FB28-79C0-40C7-8D8A-F1505023D80A}.Debug|x86.Build.0 = Debug|Win32
		{31F6FB28-79C0-40C7-8D8A-F1505023D80A}.Release|x64.ActiveCfg = Release|x64
		{31F6FB28-79C0-40C7-8D8A-F1505023D80A}.Release|x64.Build.0 = Release|x64
		{31F6FB28-79C0-40C7-8D8A-F1505023D80A}.Release|x86.ActiveCfg = Release|Win32
		{31F6FB28-79C0-40C7-8D8A-F1505023D80A}.Release|x86.Build.0 = Release|Win32
		{AC05E7AA-0463-456C-9030-394D73E17091}.Debug|x64.ActiveCfg = Debug|x64
		{AC05E7AA-0463-456C-9030-394D73E17091}.Debug|x64.Build.0 = Debug|x64
		{AC05E7AA-0463-456C-9030-394D73E17091}.Debug|x86.ActiveCfg = Debug|Win32
		{AC05E7AA-0463-456C-9030-394D73E17091}.Debug|x86.Build.0 = Debug|Win32
		{AC05E7AA-0463-456C-9030-394D73E17091}.Release|x64.ActiveCfg = Release|x64
		{AC05E7AA-0463-456C-9030-394D73E17091}.Release|x64.Build.0 = Release|x64
		{AC05E7AA-0463-456C-9030-394D73E17091}.Release|x86.ActiveCfg = Release|Win32
		{AC05E7AA-0463-456C-9030-394D73E17091}.Release|x86.Build.0 = Release|Win32
		{A2B27754-1E47-4D9F-928E-C99CF24D71C3}.Debug|x64.ActiveCfg = Debug|x64
		{A2B27754-1E47-4D9F-928E-C99CF24D71C3}.Debug|x64.Build.0 = Debug|x64
		{A2B27754-1E47-4D9F-928E-C99CF24D71C3}.Debug|x86.ActiveCfg = Debug|Win32
		{A2B27754-1E47-4D9F-928E-C99CF24D71C3}.Debug|x86.Build.0 = Debug|Win32
		{A2B27754-1E47-4D9F-928E-C99CF24D71C3}.Release|x64.ActiveCfg = Release|x64
		{A2B27754-1E47-4D9F-928E-C99CF24D71C3}.Release|x64.Build.0 = Release|x64
		{A2B27754-1E47-4D9F-928E-C99CF24D71C3}.Release|x86.ActiveCfg = Release|Win32
		{A2B27754-1E47-4D9F-928E-C99CF24D71C3}.Release|x86.Build.0 = Release|Win32
		{810C53DE-32ED-4459-B35E-E8589DA84D62}.Debug|x64.ActiveCfg = Debug|x64
		{810C53DE-32ED-4459-B35E-E8589DA84D62}.Debug|x64.Build.0 = Debug|x64
		{810C53DE-32ED-4459-B35E-E8589DA84D62}.Debug|x86.ActiveCfg = Debug|Win32
		{810C53DE-32ED-4459-B35E-E8589DA84D62}.Debug|x86.Build.0 = Debug|Win32
		{810C53DE-32ED-4459-B35E-E8589DA84D62}.Release|x64.ActiveCfg = Release|x64
		{810C53DE-32ED-4459-B35E-E8589DA84D62}.Release|x64.Build.0 = Release|x64
		{810C53DE-32ED-4459-B35E-E8589DA84D62}.Release|x86.ActiveCfg = Release|Win32
		{810C53DE-32ED-4459-B35E-E8589DA84D62}.Release|x86.Build.0 = Release|Win32
		{7B42D24C-65AA-4C50-8FED-E00AC13A782B}.Debug|x64.ActiveCfg = Debug|x64
		{7B42D24C-65AA-4C50-8FED-E00AC13A782B}.Debug|x64.Build.0 = Debug|x64
		{7B42D24C-65AA-4C50-8FED-E00AC13A782B}.Debug|x86.ActiveCfg = Debug|Win32
		{7B42D24C-65AA-4C50-8FED-E00AC13A782B}.Debug|x86.Build.0 = Debug|Win32
		{7B42D24C-65AA-4C50-8FED-E00AC13A782B}.Release|x64.ActiveCfg = Release|x64
		{7B42D24C-65AA-4C50-8FED-E00AC13A782B}.Release|x64.Build.0 = Release|x64
		{7B42D24C-65AA-4C50-8FED-E00AC13A782B}.Release|x86.ActiveCfg = Release|Win32
		{7B42D24C-65AA-4C50-8FED-E00AC13A782B}.Release|x86.Build.0 = Release|Win32
		{919CA08E-9AB7-436A-B497-37EE977C0714}.Debug|x64.ActiveCfg = Debug|x64
		{919CA08E-9AB7-436A-B497-37EE977C0714}.Debug|x64.Build.0 = Debug|x64
		{919CA08E-9AB7-436A-B497-37EE977C0714}.Debug|x86.ActiveCfg = Debug|Win32
		{919CA08E-9AB7-436A-B497-37EE977C0714}.Debug|x86.Build.0 = Debug|Win32
		{919CA08E-9AB7-436A-B497-37EE977C0714}.Release|x64.ActiveCfg = Release|x64
		{919CA08E-9AB7-436A-B497-37EE977C0714}.Release|x64.Build.0 = Release|x64
		{919CA08E-9AB7-436A-B497-37EE977C0714}.Release|x86.ActiveCfg = Release|Win32
		{919CA08E-9AB7-436A-B497-37EE977C0714}.Release|x86.Build.0 = Release|Win32
		{CE11EDE9-1AB6-4B4F-A923-0B548488345F}.Debug|x64.ActiveCfg = Debug|x64
		{CE11EDE9-1AB6-4B4F-A923-0B548488345F}.Debug|x64.Build.0 = Debug|x64
		{CE11EDE9-1AB6-4B4F-A923-0B548488345F}.Debug|x86.ActiveCfg = Debug|Win32
		{CE11EDE9-1AB6-4B4F-A923-0B548488345F}.Debug|x86.Build.0 = Debug|Win32
		{CE11EDE9-1AB6-4B4F-A923-0B548488345F}.Release|x64.ActiveCfg = Release|x64
		{CE11EDE9-1AB6-4B4F-A923-0B548488345F}.Release|x64.Build.0 = Release|x64
		{CE11EDE9-1AB6-4B4F-A923-0B548488345F}.Release|x86.ActiveCfg = Release|Win32
		{CE11EDE9-1AB6-4B4F-A923-0B548488345F}.Release|x86.Build.0 = Release|Win32
		{12486B85-5D7C-45C4-8BE3-E8F19585A53F}.Debug|x64.ActiveCfg = Debug|x64
		{12486B85-5D7C-45C4-8BE3-E8F19585A53F}.Debug|x64.Build.0 = Debug|x64
		{12486B85-5D7C-45C4-8BE3-E8F19585A53F}.Debug|x86.ActiveCfg = Debug|Win32
		{12486B85-5D7C-45C4-8BE3-E8F19585A53F}.Debug|x86.Build.0 = Debug|Win32
		{12486B85-5D7C-45C4-8BE3-E8F19585A53F}.Release|x64.ActiveCfg = Release|x64
		{12486B85-5D7C-45C4-8BE3-E8F19585A53F}.Release|x64.Build.0 = Release|x64
		{12486B85-5D7C-45C4-8BE3-E8F19585A53F}.Release|x86.ActiveCfg = Release|Win32
		{12486B85-5D7C-45C4-8BE3-E8F19585A53F}.Release|x86.Build.0 = Release|Win32
		{625018D1-B4B7-4FCF-94B3-C92E195AA6B7}.Debug|x64.ActiveCfg = Debug|x64
		{625018D1-B4B7-4FCF-94B3-C92E195AA6B7}.Debug|x64.Build.0 = Debug|x64
		{625018D1-B4B7-4FCF-94B3-C92E195AA6B7}.Debug|x86.ActiveCfg = Debug|Win32
		{625018D1-B4B7-4FCF-94B3-C92E195AA6B7}.Debug|x86.Build.0 = Debug|Win32
		{625018D1-B4B7-4FCF-94B3-C92E195AA6B7}.Release|x64.ActiveCfg = Release|x64
		{625018D1-B4B7-4FCF-94B3-C92E195AA6B7}.Release|x64.Build.0 = Release|x64
		{625018D1-B4B7-4FCF-94B3-C92E195AA6B7}.Release|x86.ActiveCfg = Release|Win32
		{625018D1-B4B7-4FCF-94B3-C92E195AA6B7}.Release|x86.Build.0 = Release|Win32
		{FBB44B35-ABEC-4AB7-85EE-41AE4A908B68}.Debug|x64.ActiveCfg = Debug|x64
		{FBB44B35-ABEC-4AB7-85EE-41AE4A908B68}.Debug|x64.Build.0 = Debug|x64
		{FBB44B35-ABEC-4AB7-85EE-41AE4A908B68}.Debug|x86.ActiveCfg = Debug|Win32
		{FBB44B35-ABEC-4AB7-85EE-41AE4A908B68}.Debug|x86.Build.0 = Debug|Win32
		{FBB44B35-ABEC-4AB7-85EE-41AE4A908B68}.Release|x64.ActiveCfg = Release|x64
		{FBB44B35-ABEC-4AB7-85EE-41AE4A908B68}.Release|x64.Build.0 = Release|x64
		{FBB44B35-ABEC-4AB7-85EE-41AE4A908B68}.Release|x86.ActiveCfg = Release|Win32
		{FBB44B35-ABEC-4AB7-85EE-41AE4A908B68}.Release|x86.Build.0 = Release|Win32
	EndGlobalSection
	GlobalSection(SolutionProperties) = preSolution
		HideSolutionNode = FALSE
	EndGlobalSection
	GlobalSection(ExtensibilityGlobals) = postSolution
		SolutionGuid = {F5CBBCC6-47D7-4B52-AC5E-CE51E966B06C}
	EndGlobalSection
EndGlobal
